
Microsoft Visual Studio Solution File, Format Version 11.00
# Visual Studio 2010
Project("{8BC9CEB8-8B4A-11D0-8D11-00A0C91BC942}") = "Zadatak_model2", "Zadatak_model2\Zadatak_model2.vcxproj", "{C73365B7-7FA6-430B-AF6B-77F3C75DAE0D}"
EndProject
Global
	GlobalSection(SolutionConfigurationPlatforms) = preSolution
		Debug|Win32 = Debug|Win32
		Release|Win32 = Release|Win32
	EndGlobalSection
	GlobalSection(ProjectConfigurationPlatforms) = postSolution
		{C73365B7-7FA6-430B-AF6B-77F3C75DAE0D}.Debug|Win32.ActiveCfg = Debug|Win32
		{C73365B7-7FA6-430B-AF6B-77F3C75DAE0D}.Debug|Win32.Build.0 = Debug|Win32
		{C73365B7-7FA6-430B-AF6B-77F3C75DAE0D}.Release|Win32.ActiveCfg = Release|Win32
		{C73365B7-7FA6-430B-AF6B-77F3C75DAE0D}.Release|Win32.Build.0 = Release|Win32
	EndGlobalSection
	GlobalSection(SolutionProperties) = preSolution
		HideSolutionNode = FALSE
	EndGlobalSection
EndGlobal
